
Microsoft Visual Studio Solution File, Format Version 12.00
# Visual Studio Version 17
Project("{8BC9CEB8-8B4A-11D0-8D11-00A0C91BC942}") = "DevGame", "DevGame\DevGame.vcxproj", "{9EAD506A-0A8D-CF05-13A5-5ADC7F033667}"
EndProject
Project("{8BC9CEB8-8B4A-11D0-8D11-00A0C91BC942}") = "Sword", "Sword\Sword.vcxproj", "{541A200E-C02E-48BF-89B0-EB1EF58344F0}"
EndProject
Global
	GlobalSection(SolutionConfigurationPlatforms) = preSolution
		Debug|x64 = Debug|x64
		Dist|x64 = Dist|x64
		Release|x64 = Release|x64
	EndGlobalSection
	GlobalSection(ProjectConfigurationPlatforms) = postSolution
		{9EAD506A-0A8D-CF05-13A5-5ADC7F033667}.Debug|x64.ActiveCfg = Debug|x64
		{9EAD506A-0A8D-CF05-13A5-5ADC7F033667}.Debug|x64.Build.0 = Debug|x64
		{9EAD506A-0A8D-CF05-13A5-5ADC7F033667}.Dist|x64.ActiveCfg = Dist|x64
		{9EAD506A-0A8D-CF05-13A5-5ADC7F033667}.Dist|x64.Build.0 = Dist|x64
		{9EAD506A-0A8D-CF05-13A5-5ADC7F033667}.Release|x64.ActiveCfg = Release|x64
		{9EAD506A-0A8D-CF05-13A5-5ADC7F033667}.Release|x64.Build.0 = Release|x64
		{541A200E-C02E-48BF-89B0-EB1EF58344F0}.Debug|x64.ActiveCfg = Debug|x64
		{541A200E-C02E-48BF-89B0-EB1EF58344F0}.Debug|x64.Build.0 = Debug|x64
		{541A200E-C02E-48BF-89B0-EB1EF58344F0}.Dist|x64.ActiveCfg = Dist|x64
		{541A200E-C02E-48BF-89B0-EB1EF58344F0}.Dist|x64.Build.0 = Dist|x64
		{541A200E-C02E-48BF-89B0-EB1EF58344F0}.Release|x64.ActiveCfg = Release|x64
		{541A200E-C02E-48BF-89B0-EB1EF58344F0}.Release|x64.Build.0 = Release|x64
	EndGlobalSection
	GlobalSection(SolutionProperties) = preSolution
		HideSolutionNode = FALSE
	EndGlobalSection
EndGlobal
